
Microsoft Visual Studio Solution File, Format Version 12.00
# Visual Studio Version 17
VisualStudioVersion = 17.1.32319.34
MinimumVisualStudioVersion = 10.0.40219.1
Project("{8BC9CEB8-8B4A-11D0-8D11-00A0C91BC942}") = "Chapter18", "Chapter18.vcxproj", "{9DBF3B6A-282B-446E-9029-A39FC947F38C}"
EndProject
Global
	GlobalSection(SolutionConfigurationPlatforms) = preSolution
		Debug|x64 = Debug|x64
		Debug|x86 = Debug|x86
		Release|x64 = Release|x64
		Release|x86 = Release|x86
	EndGlobalSection
	GlobalSection(ProjectConfigurationPlatforms) = postSolution
		{9DBF3B6A-282B-446E-9029-A39FC947F38C}.Debug|x64.ActiveCfg = Debug|x64
		{9DBF3B6A-282B-446E-9029-A39FC947F38C}.Debug|x64.Build.0 = Debug|x64
		{9DBF3B6A-282B-446E-9029-A39FC947F38C}.Debug|x86.ActiveCfg = Debug|Win32
		{9DBF3B6A-282B-446E-9029-A39FC947F38C}.Debug|x86.Build.0 = Debug|Win32
		{9DBF3B6A-282B-446E-9029-A39FC947F38C}.Release|x64.ActiveCfg = Release|x64
		{9DBF3B6A-282B-446E-9029-A39FC947F38C}.Release|x64.Build.0 = Release|x64
		{9DBF3B6A-282B-446E-9029-A39FC947F38C}.Release|x86.ActiveCfg = Release|Win32
		{9DBF3B6A-282B-446E-9029-A39FC947F38C}.Release|x86.Build.0 = Release|Win32
	EndGlobalSection
	GlobalSection(SolutionProperties) = preSolution
		HideSolutionNode = FALSE
	EndGlobalSection
	GlobalSection(ExtensibilityGlobals) = postSolution
		SolutionGuid = {C812C894-79F5-4DC2-AA49-6DE9F6BDC1BE}
	EndGlobalSection
EndGlobal
